
Microsoft Visual Studio Solution File, Format Version 12.00
# Visual Studio Version 17
VisualStudioVersion = 17.2.32505.173
MinimumVisualStudioVersion = 10.0.40219.1
Project("{FAE04EC0-301F-11D3-BF4B-00C04F79EFBC}") = "bmparse", "bmparse\bmparse.csproj", "{F8A134D7-93C2-4C24-A12D-4E00E92F6F68}"
EndProject
Global
	GlobalSection(SolutionConfigurationPlatforms) = preSolution
		Debug|Any CPU = Debug|Any CPU
		Release|Any CPU = Release|Any CPU
	EndGlobalSection
	GlobalSection(ProjectConfigurationPlatforms) = postSolution
		{F8A134D7-93C2-4C24-A12D-4E00E92F6F68}.Debug|Any CPU.ActiveCfg = Debug|Any CPU
		{F8A134D7-93C2-4C24-A12D-4E00E92F6F68}.Debug|Any CPU.Build.0 = Debug|Any CPU
		{F8A134D7-93C2-4C24-A12D-4E00E92F6F68}.Release|Any CPU.ActiveCfg = Release|Any CPU
		{F8A134D7-93C2-4C24-A12D-4E00E92F6F68}.Release|Any CPU.Build.0 = Release|Any CPU
	EndGlobalSection
	GlobalSection(SolutionProperties) = preSolution
		HideSolutionNode = FALSE
	EndGlobalSection
	GlobalSection(ExtensibilityGlobals) = postSolution
		SolutionGuid = {30C56E1F-D11F-447E-B437-41240FCB11C1}
	EndGlobalSection
EndGlobal
